// !$*UTF8*$!
{
	archiveVersion = 1;
	classes = {
	};
	objectVersion = 48;
	objects = {

/* Begin PBXBuildFile section */
		026940F520CC128A002FEBAF /* AppDelegate.swift in Sources */ = {isa = PBXBuildFile; fileRef = 026940F420CC128A002FEBAF /* AppDelegate.swift */; };
		026940F720CC128A002FEBAF /* ViewController.swift in Sources */ = {isa = PBXBuildFile; fileRef = 026940F620CC128A002FEBAF /* ViewController.swift */; };
		026940FA20CC128A002FEBAF /* Main.storyboard in Resources */ = {isa = PBXBuildFile; fileRef = 026940F820CC128A002FEBAF /* Main.storyboard */; };
		026940FD20CC128A002FEBAF /* RetailStoreApp.xcdatamodeld in Sources */ = {isa = PBXBuildFile; fileRef = 026940FB20CC128A002FEBAF /* RetailStoreApp.xcdatamodeld */; };
		026940FF20CC128A002FEBAF /* Assets.xcassets in Resources */ = {isa = PBXBuildFile; fileRef = 026940FE20CC128A002FEBAF /* Assets.xcassets */; };
		0269410220CC128A002FEBAF /* LaunchScreen.storyboard in Resources */ = {isa = PBXBuildFile; fileRef = 0269410020CC128A002FEBAF /* LaunchScreen.storyboard */; };
		0269410D20CC128A002FEBAF /* RetailStoreAppTests.swift in Sources */ = {isa = PBXBuildFile; fileRef = 0269410C20CC128A002FEBAF /* RetailStoreAppTests.swift */; };
/* End PBXBuildFile section */

/* Begin PBXContainerItemProxy section */
		0269410920CC128A002FEBAF /* PBXContainerItemProxy */ = {
			isa = PBXContainerItemProxy;
			containerPortal = 026940E920CC128A002FEBAF /* Project object */;
			proxyType = 1;
			remoteGlobalIDString = 026940F020CC128A002FEBAF;
			remoteInfo = RetailStoreApp;
		};
/* End PBXContainerItemProxy section */

/* Begin PBXFileReference section */
		026940F120CC128A002FEBAF /* RetailStoreApp.app */ = {isa = PBXFileReference; explicitFileType = wrapper.application; includeInIndex = 0; path = RetailStoreApp.app; sourceTree = BUILT_PRODUCTS_DIR; };
		026940F420CC128A002FEBAF /* AppDelegate.swift */ = {isa = PBXFileReference; lastKnownFileType = sourcecode.swift; path = AppDelegate.swift; sourceTree = "<group>"; };
		026940F620CC128A002FEBAF /* ViewController.swift */ = {isa = PBXFileReference; lastKnownFileType = sourcecode.swift; path = ViewController.swift; sourceTree = "<group>"; };
		026940F920CC128A002FEBAF /* Base */ = {isa = PBXFileReference; lastKnownFileType = file.storyboard; name = Base; path = Base.lproj/Main.storyboard; sourceTree = "<group>"; };
		026940FC20CC128A002FEBAF /* RetailStoreApp.xcdatamodel */ = {isa = PBXFileReference; lastKnownFileType = wrapper.xcdatamodel; path = RetailStoreApp.xcdatamodel; sourceTree = "<group>"; };
		026940FE20CC128A002FEBAF /* Assets.xcassets */ = {isa = PBXFileReference; lastKnownFileType = folder.assetcatalog; path = Assets.xcassets; sourceTree = "<group>"; };
		0269410120CC128A002FEBAF /* Base */ = {isa = PBXFileReference; lastKnownFileType = file.storyboard; name = Base; path = Base.lproj/LaunchScreen.storyboard; sourceTree = "<group>"; };
		0269410320CC128A002FEBAF /* Info.plist */ = {isa = PBXFileReference; lastKnownFileType = text.plist.xml; path = Info.plist; sourceTree = "<group>"; };
		0269410820CC128A002FEBAF /* RetailStoreAppTests.xctest */ = {isa = PBXFileReference; explicitFileType = wrapper.cfbundle; includeInIndex = 0; path = RetailStoreAppTests.xctest; sourceTree = BUILT_PRODUCTS_DIR; };
		0269410C20CC128A002FEBAF /* RetailStoreAppTests.swift */ = {isa = PBXFileReference; lastKnownFileType = sourcecode.swift; path = RetailStoreAppTests.swift; sourceTree = "<group>"; };
		0269410E20CC128A002FEBAF /* Info.plist */ = {isa = PBXFileReference; lastKnownFileType = text.plist.xml; path = Info.plist; sourceTree = "<group>"; };
/* End PBXFileReference section */

/* Begin PBXFrameworksBuildPhase section */
		026940EE20CC128A002FEBAF /* Frameworks */ = {
			isa = PBXFrameworksBuildPhase;
			buildActionMask = 2147483647;
			files = (
			);
			runOnlyForDeploymentPostprocessing = 0;
		};
		0269410520CC128A002FEBAF /* Frameworks */ = {
			isa = PBXFrameworksBuildPhase;
			buildActionMask = 2147483647;
			files = (
			);
			runOnlyForDeploymentPostprocessing = 0;
		};
/* End PBXFrameworksBuildPhase section */

/* Begin PBXGroup section */
		026940E820CC128A002FEBAF = {
			isa = PBXGroup;
			children = (
				026940F320CC128A002FEBAF /* RetailStoreApp */,
				0269410B20CC128A002FEBAF /* RetailStoreAppTests */,
				026940F220CC128A002FEBAF /* Products */,
			);
			sourceTree = "<group>";
		};
		026940F220CC128A002FEBAF /* Products */ = {
			isa = PBXGroup;
			children = (
				026940F120CC128A002FEBAF /* RetailStoreApp.app */,
				0269410820CC128A002FEBAF /* RetailStoreAppTests.xctest */,
			);
			name = Products;
			sourceTree = "<group>";
		};
		026940F320CC128A002FEBAF /* RetailStoreApp */ = {
			isa = PBXGroup;
			children = (
				026940F420CC128A002FEBAF /* AppDelegate.swift */,
				026940F620CC128A002FEBAF /* ViewController.swift */,
				026940F820CC128A002FEBAF /* Main.storyboard */,
				026940FE20CC128A002FEBAF /* Assets.xcassets */,
				0269410020CC128A002FEBAF /* LaunchScreen.storyboard */,
				0269410320CC128A002FEBAF /* Info.plist */,
				026940FB20CC128A002FEBAF /* RetailStoreApp.xcdatamodeld */,
			);
			path = RetailStoreApp;
			sourceTree = "<group>";
		};
		0269410B20CC128A002FEBAF /* RetailStoreAppTests */ = {
			isa = PBXGroup;
			children = (
				0269410C20CC128A002FEBAF /* RetailStoreAppTests.swift */,
				0269410E20CC128A002FEBAF /* Info.plist */,
			);
			path = RetailStoreAppTests;
			sourceTree = "<group>";
		};
/* End PBXGroup section */

/* Begin PBXNativeTarget section */
		026940F020CC128A002FEBAF /* RetailStoreApp */ = {
			isa = PBXNativeTarget;
			buildConfigurationList = 0269411120CC128A002FEBAF /* Build configuration list for PBXNativeTarget "RetailStoreApp" */;
			buildPhases = (
				026940ED20CC128A002FEBAF /* Sources */,
				026940EE20CC128A002FEBAF /* Frameworks */,
				026940EF20CC128A002FEBAF /* Resources */,
			);
			buildRules = (
			);
			dependencies = (
			);
			name = RetailStoreApp;
			productName = RetailStoreApp;
			productReference = 026940F120CC128A002FEBAF /* RetailStoreApp.app */;
			productType = "com.apple.product-type.application";
		};
		0269410720CC128A002FEBAF /* RetailStoreAppTests */ = {
			isa = PBXNativeTarget;
			buildConfigurationList = 0269411420CC128A002FEBAF /* Build configuration list for PBXNativeTarget "RetailStoreAppTests" */;
			buildPhases = (
				0269410420CC128A002FEBAF /* Sources */,
				0269410520CC128A002FEBAF /* Frameworks */,
				0269410620CC128A002FEBAF /* Resources */,
			);
			buildRules = (
			);
			dependencies = (
				0269410A20CC128A002FEBAF /* PBXTargetDependency */,
			);
			name = RetailStoreAppTests;
			productName = RetailStoreAppTests;
			productReference = 0269410820CC128A002FEBAF /* RetailStoreAppTests.xctest */;
			productType = "com.apple.product-type.bundle.unit-test";
		};
/* End PBXNativeTarget section */

/* Begin PBXProject section */
		026940E920CC128A002FEBAF /* Project object */ = {
			isa = PBXProject;
			attributes = {
				LastSwiftUpdateCheck = 0900;
				LastUpgradeCheck = 0900;
				ORGANIZATIONNAME = Maharani;
				TargetAttributes = {
					026940F020CC128A002FEBAF = {
						CreatedOnToolsVersion = 9.0;
						ProvisioningStyle = Automatic;
					};
					0269410720CC128A002FEBAF = {
						CreatedOnToolsVersion = 9.0;
						ProvisioningStyle = Automatic;
						TestTargetID = 026940F020CC128A002FEBAF;
					};
				};
			};
			buildConfigurationList = 026940EC20CC128A002FEBAF /* Build configuration list for PBXProject "RetailStoreApp" */;
			compatibilityVersion = "Xcode 8.0";
			developmentRegion = en;
			hasScannedForEncodings = 0;
			knownRegions = (
				en,
				Base,
			);
			mainGroup = 026940E820CC128A002FEBAF;
			productRefGroup = 026940F220CC128A002FEBAF /* Products */;
			projectDirPath = "";
			projectRoot = "";
			targets = (
				026940F020CC128A002FEBAF /* RetailStoreApp */,
				0269410720CC128A002FEBAF /* RetailStoreAppTests */,
			);
		};
/* End PBXProject section */

/* Begin PBXResourcesBuildPhase section */
		026940EF20CC128A002FEBAF /* Resources */ = {
			isa = PBXResourcesBuildPhase;
			buildActionMask = 2147483647;
			files = (
				0269410220CC128A002FEBAF /* LaunchScreen.storyboard in Resources */,
				026940FF20CC128A002FEBAF /* Assets.xcassets in Resources */,
				026940FA20CC128A002FEBAF /* Main.storyboard in Resources */,
			);
			runOnlyForDeploymentPostprocessing = 0;
		};
		0269410620CC128A002FEBAF /* Resources */ = {
			isa = PBXResourcesBuildPhase;
			buildActionMask = 2147483647;
			files = (
			);
			runOnlyForDeploymentPostprocessing = 0;
		};
/* End PBXResourcesBuildPhase section */

/* Begin PBXSourcesBuildPhase section */
		026940ED20CC128A002FEBAF /* Sources */ = {
			isa = PBXSourcesBuildPhase;
			buildActionMask = 2147483647;
			files = (
				026940F720CC128A002FEBAF /* ViewController.swift in Sources */,
				026940FD20CC128A002FEBAF /* RetailStoreApp.xcdatamodeld in Sources */,
				026940F520CC128A002FEBAF /* AppDelegate.swift in Sources */,
			);
			runOnlyForDeploymentPostprocessing = 0;
		};
		0269410420CC128A002FEBAF /* Sources */ = {
			isa = PBXSourcesBuildPhase;
			buildActionMask = 2147483647;
			files = (
				0269410D20CC128A002FEBAF /* RetailStoreAppTests.swift in Sources */,
			);
			runOnlyForDeploymentPostprocessing = 0;
		};
/* End PBXSourcesBuildPhase section */

/* Begin PBXTargetDependency section */
		0269410A20CC128A002FEBAF /* PBXTargetDependency */ = {
			isa = PBXTargetDependency;
			target = 026940F020CC128A002FEBAF /* RetailStoreApp */;
			targetProxy = 0269410920CC128A002FEBAF /* PBXContainerItemProxy */;
		};
/* End PBXTargetDependency section */

/* Begin PBXVariantGroup section */
		026940F820CC128A002FEBAF /* Main.storyboard */ = {
			isa = PBXVariantGroup;
			children = (
				026940F920CC128A002FEBAF /* Base */,
			);
			name = Main.storyboard;
			sourceTree = "<group>";
		};
		0269410020CC128A002FEBAF /* LaunchScreen.storyboard */ = {
			isa = PBXVariantGroup;
			children = (
				0269410120CC128A002FEBAF /* Base */,
			);
			name = LaunchScreen.storyboard;
			sourceTree = "<group>";
		};
/* End PBXVariantGroup section */

/* Begin XCBuildConfiguration section */
		0269410F20CC128A002FEBAF /* Debug */ = {
			isa = XCBuildConfiguration;
			buildSettings = {
				ALWAYS_SEARCH_USER_PATHS = NO;
				CLANG_ANALYZER_NONNULL = YES;
				CLANG_ANALYZER_NUMBER_OBJECT_CONVERSION = YES_AGGRESSIVE;
				CLANG_CXX_LANGUAGE_STANDARD = "gnu++14";
				CLANG_CXX_LIBRARY = "libc++";
				CLANG_ENABLE_MODULES = YES;
				CLANG_ENABLE_OBJC_ARC = YES;
				CLANG_WARN_BLOCK_CAPTURE_AUTORELEASING = YES;
				CLANG_WARN_BOOL_CONVERSION = YES;
				CLANG_WARN_COMMA = YES;
				CLANG_WARN_CONSTANT_CONVERSION = YES;
				CLANG_WARN_DIRECT_OBJC_ISA_USAGE = YES_ERROR;
				CLANG_WARN_DOCUMENTATION_COMMENTS = YES;
				CLANG_WARN_EMPTY_BODY = YES;
				CLANG_WARN_ENUM_CONVERSION = YES;
				CLANG_WARN_INFINITE_RECURSION = YES;
				CLANG_WARN_INT_CONVERSION = YES;
				CLANG_WARN_NON_LITERAL_NULL_CONVERSION = YES;
				CLANG_WARN_OBJC_LITERAL_CONVERSION = YES;
				CLANG_WARN_OBJC_ROOT_CLASS = YES_ERROR;
				CLANG_WARN_RANGE_LOOP_ANALYSIS = YES;
				CLANG_WARN_STRICT_PROTOTYPES = YES;
				CLANG_WARN_SUSPICIOUS_MOVE = YES;
				CLANG_WARN_UNGUARDED_AVAILABILITY = YES_AGGRESSIVE;
				CLANG_WARN_UNREACHABLE_CODE = YES;
				CLANG_WARN__DUPLICATE_METHOD_MATCH = YES;
				CODE_SIGN_IDENTITY = "iPhone Developer";
				COPY_PHASE_STRIP = NO;
				DEBUG_INFORMATION_FORMAT = dwarf;
				ENABLE_STRICT_OBJC_MSGSEND = YES;
				ENABLE_TESTABILITY = YES;
				GCC_C_LANGUAGE_STANDARD = gnu11;
				GCC_DYNAMIC_NO_PIC = NO;
				GCC_NO_COMMON_BLOCKS = YES;
				GCC_OPTIMIZATION_LEVEL = 0;
				GCC_PREPROCESSOR_DEFINITIONS = (
					"DEBUG=1",
					"$(inherited)",
				);
				GCC_WARN_64_TO_32_BIT_CONVERSION = YES;
				GCC_WARN_ABOUT_RETURN_TYPE = YES_ERROR;
				GCC_WARN_UNDECLARED_SELECTOR = YES;
				GCC_WARN_UNINITIALIZED_AUTOS = YES_AGGRESSIVE;
				GCC_WARN_UNUSED_FUNCTION = YES;
				GCC_WARN_UNUSED_VARIABLE = YES;
				IPHONEOS_DEPLOYMENT_TARGET = 11.0;
				MTL_ENABLE_DEBUG_INFO = YES;
				ONLY_ACTIVE_ARCH = YES;
				SDKROOT = iphoneos;
				SWIFT_ACTIVE_COMPILATION_CONDITIONS = DEBUG;
				SWIFT_OPTIMIZATION_LEVEL = "-Onone";
			};
			name = Debug;
		};
		0269411020CC128A002FEBAF /* Release */ = {
			isa = XCBuildConfiguration;
			buildSettings = {
				ALWAYS_SEARCH_USER_PATHS = NO;
				CLANG_ANALYZER_NONNULL = YES;
				CLANG_ANALYZER_NUMBER_OBJECT_CONVERSION = YES_AGGRESSIVE;
				CLANG_CXX_LANGUAGE_STANDARD = "gnu++14";
				CLANG_CXX_LIBRARY = "libc++";
				CLANG_ENABLE_MODULES = YES;
				CLANG_ENABLE_OBJC_ARC = YES;
				CLANG_WARN_BLOCK_CAPTURE_AUTORELEASING = YES;
				CLANG_WARN_BOOL_CONVERSION = YES;
				CLANG_WARN_COMMA = YES;
				CLANG_WARN_CONSTANT_CONVERSION = YES;
				CLANG_WARN_DIRECT_OBJC_ISA_USAGE = YES_ERROR;
				CLANG_WARN_DOCUMENTATION_COMMENTS = YES;
				CLANG_WARN_EMPTY_BODY = YES;
				CLANG_WARN_ENUM_CONVERSION = YES;
				CLANG_WARN_INFINITE_RECURSION = YES;
				CLANG_WARN_INT_CONVERSION = YES;
				CLANG_WARN_NON_LITERAL_NULL_CONVERSION = YES;
				CLANG_WARN_OBJC_LITERAL_CONVERSION = YES;
				CLANG_WARN_OBJC_ROOT_CLASS = YES_ERROR;
				CLANG_WARN_RANGE_LOOP_ANALYSIS = YES;
				CLANG_WARN_STRICT_PROTOTYPES = YES;
				CLANG_WARN_SUSPICIOUS_MOVE = YES;
				CLANG_WARN_UNGUARDED_AVAILABILITY = YES_AGGRESSIVE;
				CLANG_WARN_UNREACHABLE_CODE = YES;
				CLANG_WARN__DUPLICATE_METHOD_MATCH = YES;
				CODE_SIGN_IDENTITY = "iPhone Developer";
				COPY_PHASE_STRIP = NO;
				DEBUG_INFORMATION_FORMAT = "dwarf-with-dsym";
				ENABLE_NS_ASSERTIONS = NO;
				ENABLE_STRICT_OBJC_MSGSEND = YES;
				GCC_C_LANGUAGE_STANDARD = gnu11;
				GCC_NO_COMMON_BLOCKS = YES;
				GCC_WARN_64_TO_32_BIT_CONVERSION = YES;
				GCC_WARN_ABOUT_RETURN_TYPE = YES_ERROR;
				GCC_WARN_UNDECLARED_SELECTOR = YES;
				GCC_WARN_UNINITIALIZED_AUTOS = YES_AGGRESSIVE;
				GCC_WARN_UNUSED_FUNCTION = YES;
				GCC_WARN_UNUSED_VARIABLE = YES;
				IPHONEOS_DEPLOYMENT_TARGET = 11.0;
				MTL_ENABLE_DEBUG_INFO = NO;
				SDKROOT = iphoneos;
				SWIFT_OPTIMIZATION_LEVEL = "-Owholemodule";
				VALIDATE_PRODUCT = YES;
			};
			name = Release;
		};
		0269411220CC128A002FEBAF /* Debug */ = {
			isa = XCBuildConfiguration;
			buildSettings = {
				ASSETCATALOG_COMPILER_APPICON_NAME = AppIcon;
				CODE_SIGN_STYLE = Automatic;
				DEVELOPMENT_TEAM = S6BL3577UC;
				INFOPLIST_FILE = RetailStoreApp/Info.plist;
				LD_RUNPATH_SEARCH_PATHS = "$(inherited) @executable_path/Frameworks";
				PRODUCT_BUNDLE_IDENTIFIER = com.maharani.RetailStoreApp;
				PRODUCT_NAME = "$(TARGET_NAME)";
				SWIFT_VERSION = 4.0;
				TARGETED_DEVICE_FAMILY = "1,2";
			};
			name = Debug;
		};
		0269411320CC128A002FEBAF /* Release */ = {
			isa = XCBuildConfiguration;
			buildSettings = {
				ASSETCATALOG_COMPILER_APPICON_NAME = AppIcon;
				CODE_SIGN_STYLE = Automatic;
				DEVELOPMENT_TEAM = S6BL3577UC;
				INFOPLIST_FILE = RetailStoreApp/Info.plist;
				LD_RUNPATH_SEARCH_PATHS = "$(inherited) @executable_path/Frameworks";
				PRODUCT_BUNDLE_IDENTIFIER = com.maharani.RetailStoreApp;
				PRODUCT_NAME = "$(TARGET_NAME)";
				SWIFT_VERSION = 4.0;
				TARGETED_DEVICE_FAMILY = "1,2";
			};
			name = Release;
		};
		0269411520CC128A002FEBAF /* Debug */ = {
			isa = XCBuildConfiguration;
			buildSettings = {
				ALWAYS_EMBED_SWIFT_STANDARD_LIBRARIES = YES;
				BUNDLE_LOADER = "$(TEST_HOST)";
				CODE_SIGN_STYLE = Automatic;
				DEVELOPMENT_TEAM = S6BL3577UC;
				INFOPLIST_FILE = RetailStoreAppTests/Info.plist;
				LD_RUNPATH_SEARCH_PATHS = "$(inherited) @executable_path/Frameworks @loader_path/Frameworks";
				PRODUCT_BUNDLE_IDENTIFIER = com.maharani.RetailStoreAppTests;
				PRODUCT_NAME = "$(TARGET_NAME)";
				SWIFT_VERSION = 4.0;
				TARGETED_DEVICE_FAMILY = "1,2";
				TEST_HOST = "$(BUILT_PRODUCTS_DIR)/RetailStoreApp.app/RetailStoreApp";
			};
			name = Debug;
		};
		0269411620CC128A002FEBAF /* Release */ = {
			isa = XCBuildConfiguration;
			buildSettings = {
				ALWAYS_EMBED_SWIFT_STANDARD_LIBRARIES = YES;
				BUNDLE_LOADER = "$(TEST_HOST)";
				CODE_SIGN_STYLE = Automatic;
				DEVELOPMENT_TEAM = S6BL3577UC;
				INFOPLIST_FILE = RetailStoreAppTests/Info.plist;
				LD_RUNPATH_SEARCH_PATHS = "$(inherited) @executable_path/Frameworks @loader_path/Frameworks";
				PRODUCT_BUNDLE_IDENTIFIER = com.maharani.RetailStoreAppTests;
				PRODUCT_NAME = "$(TARGET_NAME)";
				SWIFT_VERSION = 4.0;
				TARGETED_DEVICE_FAMILY = "1,2";
				TEST_HOST = "$(BUILT_PRODUCTS_DIR)/RetailStoreApp.app/RetailStoreApp";
			};
			name = Release;
		};
/* End XCBuildConfiguration section */

/* Begin XCConfigurationList section */
		026940EC20CC128A002FEBAF /* Build configuration list for PBXProject "RetailStoreApp" */ = {
			isa = XCConfigurationList;
			buildConfigurations = (
				0269410F20CC128A002FEBAF /* Debug */,
				0269411020CC128A002FEBAF /* Release */,
			);
			defaultConfigurationIsVisible = 0;
			defaultConfigurationName = Release;
		};
		0269411120CC128A002FEBAF /* Build configuration list for PBXNativeTarget "RetailStoreApp" */ = {
			isa = XCConfigurationList;
			buildConfigurations = (
				0269411220CC128A002FEBAF /* Debug */,
				0269411320CC128A002FEBAF /* Release */,
			);
			defaultConfigurationIsVisible = 0;
			defaultConfigurationName = Release;
		};
		0269411420CC128A002FEBAF /* Build configuration list for PBXNativeTarget "RetailStoreAppTests" */ = {
			isa = XCConfigurationList;
			buildConfigurations = (
				0269411520CC128A002FEBAF /* Debug */,
				0269411620CC128A002FEBAF /* Release */,
			);
			defaultConfigurationIsVisible = 0;
			defaultConfigurationName = Release;
		};
/* End XCConfigurationList section */

/* Begin XCVersionGroup section */
		026940FB20CC128A002FEBAF /* RetailStoreApp.xcdatamodeld */ = {
			isa = XCVersionGroup;
			children = (
				026940FC20CC128A002FEBAF /* RetailStoreApp.xcdatamodel */,
			);
			currentVersion = 026940FC20CC128A002FEBAF /* RetailStoreApp.xcdatamodel */;
			path = RetailStoreApp.xcdatamodeld;
			sourceTree = "<group>";
			versionGroupType = wrapper.xcdatamodel;
		};
/* End XCVersionGroup section */
	};
	rootObject = 026940E920CC128A002FEBAF /* Project object */;
}
